{
    "_meta": {
        "hash": {
            "sha256": "e0db25e619efd3a75fa2fefe0831318c4f655652921548fdc504a3717000fff9"
        },
        "pipfile-spec": 6,
        "requires": {
            "python_version": "3.7"
        },
        "sources": [
            {
                "name": "pypi",
                "url": "https://pypi.org/simple",
                "verify_ssl": true
            }
        ]
    },
    "default": {
        "certifi": {
            "hashes": [
                "sha256:017c25db2a153ce562900032d5bc68e9f191e44e9a0f762f373977de9df1fbb3",
                "sha256:25b64c7da4cd7479594d035c08c2d809eb4aab3a26e5a990ea98cc450c320f1f"
            ],
            "version": "==2019.11.28"
        },
        "chardet": {
            "hashes": [
                "sha256:84ab92ed1c4d4f16916e05906b6b75a6c0fb5db821cc65e70cbd64a3e2a5eaae",
                "sha256:fc323ffcaeaed0e0a02bf4d117757b98aed530d9ed4531e3e15460124c106691"
            ],
            "version": "==3.0.4"
        },
        "fastavro": {
            "hashes": [
                "sha256:0054e1437bf879f87f5ecab9cdbba8f83e08d14015f2e2712a5988dd54fc6c07",
                "sha256:0b502c76257a1f184dd53a1cc180c81a058cdb337c433f565edba07cfae44287",
                "sha256:298421d6264edb56121c7b27101ab2ec3940018138b1f7a8462ee2e94343a95a",
                "sha256:29f93e3dc543ec6dc7c95d92029bc9fff2ebd5510e9732a4caa1ec414a80cda7",
                "sha256:2a139c1e922ee503d3e2d84418f36542318ac05d7e8caaf527b60427d636fde7",
                "sha256:2b2285cc67b9ec1cf301e34342d935a2d45677d79e01e8dec30178a27b2c62d3",
                "sha256:2d8df9cda254f5c9d8e6c829b558df0336630e1b648c75389fdab08aad608dd7",
                "sha256:3693bd6b1c9204584e8cab0a936ba952df3b659d9bf4819110ce2bb2ad644379",
                "sha256:3a627e9d130ffb09f3f5fb4135c4dac493ac1b6db09b2c7ffcf01576b2e9ef7d",
                "sha256:3b37675380adc4f8f490baaba62391ffb41aac1eff649a41542457a53bbc7d74",
                "sha256:608f2bf10813fcd265c02e181b0754888b258c3b7105d79f23bc9e3bcad8d2b7",
                "sha256:61130980231f314085542c8469b1463c51e512ce9471f00e9f0839398e1c719e",
                "sha256:62398ee943171cd44b3211150fde92828e6241a7f1db57fa6064982748b8fab7",
                "sha256:76313728b4d684af7236d539fca1e9b8189ef4edd5d874ea3a0c1c1d9120da5c",
                "sha256:880102741337efef2879319f903f76874e396b3d0966e288a8aefdf9e5319a59",
                "sha256:aa9e5a6f66f992bce3307cffe8b68cfde392275cf1e65794eb088d4e7c554067",
                "sha256:afa41dd37a6f9295ea99a0ad0aa6f56b0505f59bec7720f3a06e1b9be6f1e2c4",
                "sha256:b4cfdbfee2299197c0d1cdeb9ec9c34f833e4814de02b67b5ab8836e07957dfc",
                "sha256:ba8a7d58e1591e58820c5935c4c5351886d81198c67e0673c307308726dc03eb",
                "sha256:e822d9a908a43cbcfeaaa5829fc4866570b57e5954b1b6b8ccd4668c3da24a4f",
                "sha256:fc3a97187d51aea9ad5ebb02bcb7a579a62da6310788ed82fb1e22abcd0ec33b",
                "sha256:fd03d08b660227b0aea3b06132f6924312736ade6f01d4e03e45880aa8e7c4f6"
            ],
            "index": "pypi",
            "version": "==0.22.9"
        },
        "idna": {
            "hashes": [
                "sha256:c357b3f628cf53ae2c4c05627ecc484553142ca23264e593d327bcde5e9c3407",
                "sha256:ea8b7f6188e6fa117537c3df7da9fc686d485087abf6ac197f9c46432f7e4a3c"
            ],
            "version": "==2.8"
        },
        "requests": {
            "hashes": [
                "sha256:11e007a8a2aa0323f5a921e9e6a2d7e4e67d9877e85773fba9ba6419025cbeb4",
                "sha256:9cf5292fcd0f598c671cfc1e0d7d1a7f13bb8085e9a590f48c010551dc6c4b31"
            ],
            "index": "pypi",
            "version": "==2.22.0"
        },
        "urllib3": {
            "hashes": [
                "sha256:2f3db8b19923a873b3e5256dc9c2dedfa883e33d87c690d9c7913e1f40673cdc",
                "sha256:87716c2d2a7121198ebcb7ce7cccf6ce5e9ba539041cfbaeecfb641dc0bf6acc"
            ],
            "version": "==1.25.8"
        }
    },
    "develop": {
        "bumpversion": {
            "hashes": [
                "sha256:6744c873dd7aafc24453d8b6a1a0d6d109faf63cd0cd19cb78fd46e74932c77e",
                "sha256:6753d9ff3552013e2130f7bc03c1007e24473b4835952679653fb132367bdd57"
            ],
            "index": "pypi",
            "version": "==0.5.3"
        }
    }
}
